
Microsoft Visual Studio Solution File, Format Version 12.00
# Visual Studio Version 17
VisualStudioVersion = 17.5.002.0
MinimumVisualStudioVersion = 10.0.40219.1
Project("{9A19103F-16F7-4668-BE54-9A1E7A4F7556}") = "CSharp.ConsoleApp1", "ConsoleApp1\CSharp.ConsoleApp1.csproj", "{EBF9782D-4C37-4D35-9ACC-70A68846641B}"
EndProject
Project("{2150E333-8FDC-42A3-9474-1A3956D46DE8}") = "Ejercicios.ConsoleApp1", "Ejercicios.ConsoleApp1", "{8EC0CDDA-9FC4-4082-A799-704988F1EABF}"
EndProject
Project("{9A19103F-16F7-4668-BE54-9A1E7A4F7556}") = "Ejercicios.ConsoleApp1", "Ejercicios.ConsoleApp1\Ejercicios.ConsoleApp1.csproj", "{D239C73D-1D10-491F-BFC2-0791D557E45C}"
EndProject
Global
	GlobalSection(SolutionConfigurationPlatforms) = preSolution
		Debug|Any CPU = Debug|Any CPU
		Release|Any CPU = Release|Any CPU
	EndGlobalSection
	GlobalSection(ProjectConfigurationPlatforms) = postSolution
		{EBF9782D-4C37-4D35-9ACC-70A68846641B}.Debug|Any CPU.ActiveCfg = Debug|Any CPU
		{EBF9782D-4C37-4D35-9ACC-70A68846641B}.Debug|Any CPU.Build.0 = Debug|Any CPU
		{EBF9782D-4C37-4D35-9ACC-70A68846641B}.Release|Any CPU.ActiveCfg = Release|Any CPU
		{EBF9782D-4C37-4D35-9ACC-70A68846641B}.Release|Any CPU.Build.0 = Release|Any CPU
		{D239C73D-1D10-491F-BFC2-0791D557E45C}.Debug|Any CPU.ActiveCfg = Debug|Any CPU
		{D239C73D-1D10-491F-BFC2-0791D557E45C}.Debug|Any CPU.Build.0 = Debug|Any CPU
		{D239C73D-1D10-491F-BFC2-0791D557E45C}.Release|Any CPU.ActiveCfg = Release|Any CPU
		{D239C73D-1D10-491F-BFC2-0791D557E45C}.Release|Any CPU.Build.0 = Release|Any CPU
	EndGlobalSection
	GlobalSection(SolutionProperties) = preSolution
		HideSolutionNode = FALSE
	EndGlobalSection
	GlobalSection(NestedProjects) = preSolution
		{D239C73D-1D10-491F-BFC2-0791D557E45C} = {8EC0CDDA-9FC4-4082-A799-704988F1EABF}
	EndGlobalSection
	GlobalSection(ExtensibilityGlobals) = postSolution
		SolutionGuid = {A1F48815-C68A-4ABC-8CF7-A4A714C22EDA}
	EndGlobalSection
EndGlobal
