
Microsoft Visual Studio Solution File, Format Version 12.00
# Visual Studio Version 17
VisualStudioVersion = 17.5.002.0
MinimumVisualStudioVersion = 10.0.40219.1
Project("{9A19103F-16F7-4668-BE54-9A1E7A4F7556}") = "ConsoleApp1", "ConsoleApp1\ConsoleApp1.csproj", "{EBF9782D-4C37-4D35-9ACC-70A68846641B}"
EndProject
Project("{2150E333-8FDC-42A3-9474-1A3956D46DE8}") = "Ejercicios.ConsoleApp1", "Ejercicios.ConsoleApp1", "{8EC0CDDA-9FC4-4082-A799-704988F1EABF}"
EndProject
Project("{9A19103F-16F7-4668-BE54-9A1E7A4F7556}") = "Ejercicios.ConsoleApp1", "Ejercicios.ConsoleApp1\Ejercicios.ConsoleApp1.csproj", "{D239C73D-1D10-491F-BFC2-0791D557E45C}"
EndProject
Project("{9A19103F-16F7-4668-BE54-9A1E7A4F7556}") = "ConsoleApp2", "ConsoleApp2\ConsoleApp2.csproj", "{F07CE5CF-054F-41D1-8021-71E3425A3103}"
EndProject
Project("{9A19103F-16F7-4668-BE54-9A1E7A4F7556}") = "ConsoleApp3", "ConsoleApp3\ConsoleApp3.csproj", "{A51CD907-98ED-40A3-9948-B9E1031E6D69}"
EndProject
Project("{9A19103F-16F7-4668-BE54-9A1E7A4F7556}") = "ConsoleApp4", "ConsoleApp4\ConsoleApp4.csproj", "{59B000EE-5270-4F2C-84A2-A8ECC7DB8ED6}"
EndProject
Project("{9A19103F-16F7-4668-BE54-9A1E7A4F7556}") = "ConsoleAppEF", "ConsoleAppEF\ConsoleAppEF.csproj", "{FF4DD858-2F82-4433-AB95-F8189C0AC542}"
EndProject
Project("{9A19103F-16F7-4668-BE54-9A1E7A4F7556}") = "Ejercicios.ConsoleAppEF", "Ejercicios.ConsoleAppEF\Ejercicios.ConsoleAppEF.csproj", "{75748B49-74D2-4FA0-954C-7C201C613EBD}"
EndProject
Project("{9A19103F-16F7-4668-BE54-9A1E7A4F7556}") = "ConsoleAppHTTP", "ConsoleAppHTTP\ConsoleAppHTTP.csproj", "{5EBF51AC-C697-4F17-B4C0-6110421EFDEF}"
EndProject
Project("{9A19103F-16F7-4668-BE54-9A1E7A4F7556}") = "Ejercicios.ConsoleAppHTTP", "Ejercicios.ConsoleAppHTTP\Ejercicios.ConsoleAppHTTP.csproj", "{2535DD4F-DFFB-40B6-82FA-AD0B4DF359E4}"
EndProject
Project("{9A19103F-16F7-4668-BE54-9A1E7A4F7556}") = "WebApi1", "WebApi1\WebApi1.csproj", "{F042E6DA-054E-41F1-9960-5CF5750C079B}"
EndProject
Project("{9A19103F-16F7-4668-BE54-9A1E7A4F7556}") = "Database", "Database\Database.csproj", "{215F1249-1F32-49C3-A3CB-6EC06307802C}"
EndProject
Project("{FAE04EC0-301F-11D3-BF4B-00C04F79EFBC}") = "WebApiClient", "WebApiClient\WebApiClient.csproj", "{65594CA3-1C95-41C9-A9AA-B9D3CAF0DBD3}"
EndProject
Global
	GlobalSection(SolutionConfigurationPlatforms) = preSolution
		Debug|Any CPU = Debug|Any CPU
		Release|Any CPU = Release|Any CPU
	EndGlobalSection
	GlobalSection(ProjectConfigurationPlatforms) = postSolution
		{EBF9782D-4C37-4D35-9ACC-70A68846641B}.Debug|Any CPU.ActiveCfg = Debug|Any CPU
		{EBF9782D-4C37-4D35-9ACC-70A68846641B}.Debug|Any CPU.Build.0 = Debug|Any CPU
		{EBF9782D-4C37-4D35-9ACC-70A68846641B}.Release|Any CPU.ActiveCfg = Release|Any CPU
		{EBF9782D-4C37-4D35-9ACC-70A68846641B}.Release|Any CPU.Build.0 = Release|Any CPU
		{D239C73D-1D10-491F-BFC2-0791D557E45C}.Debug|Any CPU.ActiveCfg = Debug|Any CPU
		{D239C73D-1D10-491F-BFC2-0791D557E45C}.Debug|Any CPU.Build.0 = Debug|Any CPU
		{D239C73D-1D10-491F-BFC2-0791D557E45C}.Release|Any CPU.ActiveCfg = Release|Any CPU
		{D239C73D-1D10-491F-BFC2-0791D557E45C}.Release|Any CPU.Build.0 = Release|Any CPU
		{F07CE5CF-054F-41D1-8021-71E3425A3103}.Debug|Any CPU.ActiveCfg = Debug|Any CPU
		{F07CE5CF-054F-41D1-8021-71E3425A3103}.Debug|Any CPU.Build.0 = Debug|Any CPU
		{F07CE5CF-054F-41D1-8021-71E3425A3103}.Release|Any CPU.ActiveCfg = Release|Any CPU
		{F07CE5CF-054F-41D1-8021-71E3425A3103}.Release|Any CPU.Build.0 = Release|Any CPU
		{A51CD907-98ED-40A3-9948-B9E1031E6D69}.Debug|Any CPU.ActiveCfg = Debug|Any CPU
		{A51CD907-98ED-40A3-9948-B9E1031E6D69}.Debug|Any CPU.Build.0 = Debug|Any CPU
		{A51CD907-98ED-40A3-9948-B9E1031E6D69}.Release|Any CPU.ActiveCfg = Release|Any CPU
		{A51CD907-98ED-40A3-9948-B9E1031E6D69}.Release|Any CPU.Build.0 = Release|Any CPU
		{59B000EE-5270-4F2C-84A2-A8ECC7DB8ED6}.Debug|Any CPU.ActiveCfg = Debug|Any CPU
		{59B000EE-5270-4F2C-84A2-A8ECC7DB8ED6}.Debug|Any CPU.Build.0 = Debug|Any CPU
		{59B000EE-5270-4F2C-84A2-A8ECC7DB8ED6}.Release|Any CPU.ActiveCfg = Release|Any CPU
		{59B000EE-5270-4F2C-84A2-A8ECC7DB8ED6}.Release|Any CPU.Build.0 = Release|Any CPU
		{FF4DD858-2F82-4433-AB95-F8189C0AC542}.Debug|Any CPU.ActiveCfg = Debug|Any CPU
		{FF4DD858-2F82-4433-AB95-F8189C0AC542}.Debug|Any CPU.Build.0 = Debug|Any CPU
		{FF4DD858-2F82-4433-AB95-F8189C0AC542}.Release|Any CPU.ActiveCfg = Release|Any CPU
		{FF4DD858-2F82-4433-AB95-F8189C0AC542}.Release|Any CPU.Build.0 = Release|Any CPU
		{75748B49-74D2-4FA0-954C-7C201C613EBD}.Debug|Any CPU.ActiveCfg = Debug|Any CPU
		{75748B49-74D2-4FA0-954C-7C201C613EBD}.Debug|Any CPU.Build.0 = Debug|Any CPU
		{75748B49-74D2-4FA0-954C-7C201C613EBD}.Release|Any CPU.ActiveCfg = Release|Any CPU
		{75748B49-74D2-4FA0-954C-7C201C613EBD}.Release|Any CPU.Build.0 = Release|Any CPU
		{5EBF51AC-C697-4F17-B4C0-6110421EFDEF}.Debug|Any CPU.ActiveCfg = Debug|Any CPU
		{5EBF51AC-C697-4F17-B4C0-6110421EFDEF}.Debug|Any CPU.Build.0 = Debug|Any CPU
		{5EBF51AC-C697-4F17-B4C0-6110421EFDEF}.Release|Any CPU.ActiveCfg = Release|Any CPU
		{5EBF51AC-C697-4F17-B4C0-6110421EFDEF}.Release|Any CPU.Build.0 = Release|Any CPU
		{2535DD4F-DFFB-40B6-82FA-AD0B4DF359E4}.Debug|Any CPU.ActiveCfg = Debug|Any CPU
		{2535DD4F-DFFB-40B6-82FA-AD0B4DF359E4}.Debug|Any CPU.Build.0 = Debug|Any CPU
		{2535DD4F-DFFB-40B6-82FA-AD0B4DF359E4}.Release|Any CPU.ActiveCfg = Release|Any CPU
		{2535DD4F-DFFB-40B6-82FA-AD0B4DF359E4}.Release|Any CPU.Build.0 = Release|Any CPU
		{F042E6DA-054E-41F1-9960-5CF5750C079B}.Debug|Any CPU.ActiveCfg = Debug|Any CPU
		{F042E6DA-054E-41F1-9960-5CF5750C079B}.Debug|Any CPU.Build.0 = Debug|Any CPU
		{F042E6DA-054E-41F1-9960-5CF5750C079B}.Release|Any CPU.ActiveCfg = Release|Any CPU
		{F042E6DA-054E-41F1-9960-5CF5750C079B}.Release|Any CPU.Build.0 = Release|Any CPU
		{215F1249-1F32-49C3-A3CB-6EC06307802C}.Debug|Any CPU.ActiveCfg = Debug|Any CPU
		{215F1249-1F32-49C3-A3CB-6EC06307802C}.Debug|Any CPU.Build.0 = Debug|Any CPU
		{215F1249-1F32-49C3-A3CB-6EC06307802C}.Release|Any CPU.ActiveCfg = Release|Any CPU
		{215F1249-1F32-49C3-A3CB-6EC06307802C}.Release|Any CPU.Build.0 = Release|Any CPU
		{65594CA3-1C95-41C9-A9AA-B9D3CAF0DBD3}.Debug|Any CPU.ActiveCfg = Debug|Any CPU
		{65594CA3-1C95-41C9-A9AA-B9D3CAF0DBD3}.Debug|Any CPU.Build.0 = Debug|Any CPU
		{65594CA3-1C95-41C9-A9AA-B9D3CAF0DBD3}.Release|Any CPU.ActiveCfg = Release|Any CPU
		{65594CA3-1C95-41C9-A9AA-B9D3CAF0DBD3}.Release|Any CPU.Build.0 = Release|Any CPU
	EndGlobalSection
	GlobalSection(SolutionProperties) = preSolution
		HideSolutionNode = FALSE
	EndGlobalSection
	GlobalSection(NestedProjects) = preSolution
		{D239C73D-1D10-491F-BFC2-0791D557E45C} = {8EC0CDDA-9FC4-4082-A799-704988F1EABF}
	EndGlobalSection
	GlobalSection(ExtensibilityGlobals) = postSolution
		SolutionGuid = {A1F48815-C68A-4ABC-8CF7-A4A714C22EDA}
	EndGlobalSection
EndGlobal
